{
    "name": "@remvst/particles",
    "version": "1.0.1",
    "lockfileVersion": 3,
    "requires": true,
    "packages": {
        "": {
            "name": "@remvst/particles",
            "version": "1.0.1",
            "license": "UNLICENSED",
            "dependencies": {
                "@remvst/animate.js": "^3.0.0",
                "@remvst/optimization": "^1.0.1",
                "typescript": "^5.2.2"
            }
        },
        "../shared": {
            "name": "egd-shared",
            "version": "0.0.0",
            "extraneous": true,
            "dependencies": {
                "@remvst/animate.js": "^2.0.0",
                "@remvst/game-model": "^4.10.0",
                "@remvst/geometry": "^2.5.1",
                "@remvst/matrix": "^2.0.1",
                "@remvst/optimization": "^1.0.1",
                "@remvst/random": "^2.0.1",
                "@remvst/raycaster": "^2.0.3",
                "egd-model": "file:../model",
                "egd-shared-utils": "file:../shared-utils",
                "rxjs": "^7.8.0",
                "typescript": "^5.2.2"
            },
            "devDependencies": {
                "@types/jasmine": "^5.1.0",
                "jasmine": "^5.1.0",
                "nyc": "^15.1.0",
                "ts-node": "^10.9.1"
            }
        },
        "../shared-utils": {
            "name": "egd-shared-utils",
            "version": "0.0.0",
            "extraneous": true,
            "dependencies": {
                "typescript": "^5.2.2"
            }
        },
        "node_modules/@remvst/animate.js": {
            "version": "3.0.0",
            "resolved": "https://registry.npmjs.org/@remvst/animate.js/-/animate.js-3.0.0.tgz",
            "integrity": "sha512-1v9UcADWTPjexGnHrws7oNQCctCtXEl066biNFWr+UqPwBc0cy4ud5vOUQNBAc+FyIDmU4pwK1Av4jh7UqaSXA==",
            "dependencies": {
                "typescript": "^5.2.2"
            }
        },
        "node_modules/@remvst/optimization": {
            "version": "1.0.1",
            "resolved": "https://registry.npmjs.org/@remvst/optimization/-/optimization-1.0.1.tgz",
            "integrity": "sha512-wVAt1vMPAMgANZdhptI/rTRDJWTCXq9dM9zzZJzTe913jnVwJm1athOekNgWb1MCEkiF7Vf4KysGmIXmByqbYQ=="
        },
        "node_modules/typescript": {
            "version": "5.3.3",
            "resolved": "https://registry.npmjs.org/typescript/-/typescript-5.3.3.tgz",
            "integrity": "sha512-pXWcraxM0uxAS+tN0AG/BF2TyqmHO014Z070UsJ+pFvYuRSq8KH8DmWpnbXe0pEPDHXZV3FcAbJkijJ5oNEnWw==",
            "bin": {
                "tsc": "bin/tsc",
                "tsserver": "bin/tsserver"
            },
            "engines": {
                "node": ">=14.17"
            }
        }
    }
}
